
Microsoft Visual Studio Solution File, Format Version 12.00
# Visual Studio 14
VisualStudioVersion = 14.0.25420.1
MinimumVisualStudioVersion = 10.0.40219.1
Project("{FAE04EC0-301F-11D3-BF4B-00C04F79EFBC}") = "FR_Informatica", "FR_Informatica\FR_Informatica.csproj", "{CA9CA101-B991-43CD-9483-A52BA66AE65E}"
EndProject
Global
	GlobalSection(SolutionConfigurationPlatforms) = preSolution
		Debug|Any CPU = Debug|Any CPU
		Release|Any CPU = Release|Any CPU
	EndGlobalSection
	GlobalSection(ProjectConfigurationPlatforms) = postSolution
		{CA9CA101-B991-43CD-9483-A52BA66AE65E}.Debug|Any CPU.ActiveCfg = Debug|Any CPU
		{CA9CA101-B991-43CD-9483-A52BA66AE65E}.Debug|Any CPU.Build.0 = Debug|Any CPU
		{CA9CA101-B991-43CD-9483-A52BA66AE65E}.Release|Any CPU.ActiveCfg = Release|Any CPU
		{CA9CA101-B991-43CD-9483-A52BA66AE65E}.Release|Any CPU.Build.0 = Release|Any CPU
	EndGlobalSection
	GlobalSection(SolutionProperties) = preSolution
		HideSolutionNode = FALSE
	EndGlobalSection
EndGlobal
